
Microsoft Visual Studio Solution File, Format Version 11.00
# Visual Studio 2010
Project("{FAE04EC0-301F-11D3-BF4B-00C04F79EFBC}") = "StahcRunner", "..\StahcRunner\StahcRunner.csproj", "{27BA8833-F088-4603-837A-3CBBF8EF6E2F}"
EndProject
Project("{F2A71F9B-5D33-465A-A702-920D77279786}") = "StahcRunnerFS", "StahcRunnerFS\StahcRunnerFS.fsproj", "{94705BF2-298B-494A-B301-D0D9FC99A99A}"
EndProject
Project("{FAE04EC0-301F-11D3-BF4B-00C04F79EFBC}") = "Ornl.Csmd.Csrg.Stahc.Core", "..\Ornl.Csmd.Csrg.Stahc.Core\Ornl.Csmd.Csrg.Stahc.Core.csproj", "{E3814089-D1B3-4C4C-8FE5-EFFEB74AA676}"
EndProject
Global
	GlobalSection(SolutionConfigurationPlatforms) = preSolution
		Debug|Any CPU = Debug|Any CPU
		Debug|Mixed Platforms = Debug|Mixed Platforms
		Debug|x86 = Debug|x86
		Release|Any CPU = Release|Any CPU
		Release|Mixed Platforms = Release|Mixed Platforms
		Release|x86 = Release|x86
	EndGlobalSection
	GlobalSection(ProjectConfigurationPlatforms) = postSolution
		{27BA8833-F088-4603-837A-3CBBF8EF6E2F}.Debug|Any CPU.ActiveCfg = Debug|x86
		{27BA8833-F088-4603-837A-3CBBF8EF6E2F}.Debug|Mixed Platforms.ActiveCfg = Debug|x86
		{27BA8833-F088-4603-837A-3CBBF8EF6E2F}.Debug|Mixed Platforms.Build.0 = Debug|x86
		{27BA8833-F088-4603-837A-3CBBF8EF6E2F}.Debug|x86.ActiveCfg = Debug|x86
		{27BA8833-F088-4603-837A-3CBBF8EF6E2F}.Debug|x86.Build.0 = Debug|x86
		{27BA8833-F088-4603-837A-3CBBF8EF6E2F}.Release|Any CPU.ActiveCfg = Release|x86
		{27BA8833-F088-4603-837A-3CBBF8EF6E2F}.Release|Mixed Platforms.ActiveCfg = Release|x86
		{27BA8833-F088-4603-837A-3CBBF8EF6E2F}.Release|Mixed Platforms.Build.0 = Release|x86
		{27BA8833-F088-4603-837A-3CBBF8EF6E2F}.Release|x86.ActiveCfg = Release|x86
		{27BA8833-F088-4603-837A-3CBBF8EF6E2F}.Release|x86.Build.0 = Release|x86
		{94705BF2-298B-494A-B301-D0D9FC99A99A}.Debug|Any CPU.ActiveCfg = Debug|x86
		{94705BF2-298B-494A-B301-D0D9FC99A99A}.Debug|Mixed Platforms.ActiveCfg = Debug|x86
		{94705BF2-298B-494A-B301-D0D9FC99A99A}.Debug|Mixed Platforms.Build.0 = Debug|x86
		{94705BF2-298B-494A-B301-D0D9FC99A99A}.Debug|x86.ActiveCfg = Debug|x86
		{94705BF2-298B-494A-B301-D0D9FC99A99A}.Debug|x86.Build.0 = Debug|x86
		{94705BF2-298B-494A-B301-D0D9FC99A99A}.Release|Any CPU.ActiveCfg = Release|x86
		{94705BF2-298B-494A-B301-D0D9FC99A99A}.Release|Mixed Platforms.ActiveCfg = Release|x86
		{94705BF2-298B-494A-B301-D0D9FC99A99A}.Release|Mixed Platforms.Build.0 = Release|x86
		{94705BF2-298B-494A-B301-D0D9FC99A99A}.Release|x86.ActiveCfg = Release|x86
		{94705BF2-298B-494A-B301-D0D9FC99A99A}.Release|x86.Build.0 = Release|x86
		{E3814089-D1B3-4C4C-8FE5-EFFEB74AA676}.Debug|Any CPU.ActiveCfg = Debug|Any CPU
		{E3814089-D1B3-4C4C-8FE5-EFFEB74AA676}.Debug|Any CPU.Build.0 = Debug|Any CPU
		{E3814089-D1B3-4C4C-8FE5-EFFEB74AA676}.Debug|Mixed Platforms.ActiveCfg = Debug|Any CPU
		{E3814089-D1B3-4C4C-8FE5-EFFEB74AA676}.Debug|Mixed Platforms.Build.0 = Debug|Any CPU
		{E3814089-D1B3-4C4C-8FE5-EFFEB74AA676}.Debug|x86.ActiveCfg = Debug|Any CPU
		{E3814089-D1B3-4C4C-8FE5-EFFEB74AA676}.Release|Any CPU.ActiveCfg = Release|Any CPU
		{E3814089-D1B3-4C4C-8FE5-EFFEB74AA676}.Release|Any CPU.Build.0 = Release|Any CPU
		{E3814089-D1B3-4C4C-8FE5-EFFEB74AA676}.Release|Mixed Platforms.ActiveCfg = Release|Any CPU
		{E3814089-D1B3-4C4C-8FE5-EFFEB74AA676}.Release|Mixed Platforms.Build.0 = Release|Any CPU
		{E3814089-D1B3-4C4C-8FE5-EFFEB74AA676}.Release|x86.ActiveCfg = Release|Any CPU
	EndGlobalSection
	GlobalSection(SolutionProperties) = preSolution
		HideSolutionNode = FALSE
	EndGlobalSection
EndGlobal
